
Microsoft Visual Studio Solution File, Format Version 12.00
# Visual Studio Version 17
VisualStudioVersion = 17.4.33103.184
MinimumVisualStudioVersion = 10.0.40219.1
Project("{9A19103F-16F7-4668-BE54-9A1E7A4F7556}") = "IdrisAPI", "ContactsAPI\IdrisAPI.csproj", "{C5EEA82D-5994-474A-825B-292940DB4D54}"
EndProject
Global
	GlobalSection(SolutionConfigurationPlatforms) = preSolution
		Debug|Any CPU = Debug|Any CPU
		Release|Any CPU = Release|Any CPU
	EndGlobalSection
	GlobalSection(ProjectConfigurationPlatforms) = postSolution
		{C5EEA82D-5994-474A-825B-292940DB4D54}.Debug|Any CPU.ActiveCfg = Debug|Any CPU
		{C5EEA82D-5994-474A-825B-292940DB4D54}.Debug|Any CPU.Build.0 = Debug|Any CPU
		{C5EEA82D-5994-474A-825B-292940DB4D54}.Release|Any CPU.ActiveCfg = Release|Any CPU
		{C5EEA82D-5994-474A-825B-292940DB4D54}.Release|Any CPU.Build.0 = Release|Any CPU
	EndGlobalSection
	GlobalSection(SolutionProperties) = preSolution
		HideSolutionNode = FALSE
	EndGlobalSection
	GlobalSection(ExtensibilityGlobals) = postSolution
		SolutionGuid = {B5C4E7AB-D912-4B42-8C19-5893C5152E8F}
	EndGlobalSection
EndGlobal
